# THIS IS AN AUTOGENERATED FILE. DO NOT EDIT THIS FILE DIRECTLY.
# yarn lockfile v1


zerespluginlibrary@^2.0.6:
  version "2.0.6"
  resolved "https://registry.yarnpkg.com/zerespluginlibrary/-/zerespluginlibrary-2.0.6.tgz#6a154a6978668621c7f1e9da231ef499bff61c47"
  integrity sha512-xFJGAKWWHVhCPCX6Qq1tsVJzOzTHRF7xnz2bu+3DKGaXsNCP7hPxy0LJ3mXtHLeSlH3v9ARZ0kzDs4cj5bCVnw==
